
Microsoft Visual Studio Solution File, Format Version 12.00
# Visual Studio Version 17
VisualStudioVersion = 17.0.32126.317
MinimumVisualStudioVersion = 10.0.40219.1
Project("{9A19103F-16F7-4668-BE54-9A1E7A4F7556}") = "DTBWebServerTest", "DTBWebServerTest.csproj", "{06CE4112-AB5E-4BC4-A653-8460F7814DBF}"
EndProject
Global
	GlobalSection(SolutionConfigurationPlatforms) = preSolution
		Debug|Any CPU = Debug|Any CPU
		Release|Any CPU = Release|Any CPU
	EndGlobalSection
	GlobalSection(ProjectConfigurationPlatforms) = postSolution
		{06CE4112-AB5E-4BC4-A653-8460F7814DBF}.Debug|Any CPU.ActiveCfg = Debug|Any CPU
		{06CE4112-AB5E-4BC4-A653-8460F7814DBF}.Debug|Any CPU.Build.0 = Debug|Any CPU
		{06CE4112-AB5E-4BC4-A653-8460F7814DBF}.Release|Any CPU.ActiveCfg = Release|Any CPU
		{06CE4112-AB5E-4BC4-A653-8460F7814DBF}.Release|Any CPU.Build.0 = Release|Any CPU
	EndGlobalSection
	GlobalSection(SolutionProperties) = preSolution
		HideSolutionNode = FALSE
	EndGlobalSection
	GlobalSection(ExtensibilityGlobals) = postSolution
		SolutionGuid = {67B84DB8-8B5B-4086-BE76-707238C75D91}
	EndGlobalSection
EndGlobal
